
Microsoft Visual Studio Solution File, Format Version 12.00
# Visual Studio Version 17
VisualStudioVersion = 17.12.35707.178 d17.12
MinimumVisualStudioVersion = 10.0.40219.1
Project("{FAE04EC0-301F-11D3-BF4B-00C04F79EFBC}") = "Memento", "Memento\Memento.csproj", "{97B18BFA-69CF-4953-B7F1-C140579A082A}"
EndProject
Global
	GlobalSection(SolutionConfigurationPlatforms) = preSolution
		Debug|Any CPU = Debug|Any CPU
		Release|Any CPU = Release|Any CPU
	EndGlobalSection
	GlobalSection(ProjectConfigurationPlatforms) = postSolution
		{97B18BFA-69CF-4953-B7F1-C140579A082A}.Debug|Any CPU.ActiveCfg = Debug|Any CPU
		{97B18BFA-69CF-4953-B7F1-C140579A082A}.Debug|Any CPU.Build.0 = Debug|Any CPU
		{97B18BFA-69CF-4953-B7F1-C140579A082A}.Release|Any CPU.ActiveCfg = Release|Any CPU
		{97B18BFA-69CF-4953-B7F1-C140579A082A}.Release|Any CPU.Build.0 = Release|Any CPU
	EndGlobalSection
	GlobalSection(SolutionProperties) = preSolution
		HideSolutionNode = FALSE
	EndGlobalSection
EndGlobal
